<?xml version="1.0" encoding="utf-8"?>
<Project ToolsVersion="4.0" xmlns="http://schemas.microsoft.com/developer/msbuild/2003">
  <ItemGroup>
    <Filter Include="Source Files">
      <UniqueIdentifier>{4FC737F1-C7A5-4376-A066-2A32D752A2FF}</UniqueIdentifier>
      <Extensions>cpp;c;cc;cxx;c++;cppm;ixx;def;odl;idl;hpj;bat;asm;asmx</Extensions>
    </Filter>
    <Filter Include="Header Files">
      <UniqueIdentifier>{93995380-89BD-4b04-88EB-625FBE52EBFB}</UniqueIdentifier>
      <Extensions>h;hh;hpp;hxx;h++;hm;inl;inc;ipp;xsd</Extensions>
    </Filter>
    <Filter Include="Resource Files">
      <UniqueIdentifier>{67DA6AB6-F800-4c08-8B7A-83BB121AAD01}</UniqueIdentifier>
      <Extensions>rc;ico;cur;bmp;dlg;rc2;rct;bin;rgs;gif;jpg;jpeg;jpe;resx;tiff;tif;png;wav;mfcribbon-ms</Extensions>
    </Filter>
  </ItemGroup>
  <ItemGroup>
    <None Include="KUNDER.DTA">
      <Filter>Resource Files</Filter>
    </None>
    <None Include="STEDER.DTA">
      <Filter>Resource Files</Filter>
    </None>
  </ItemGroup>
  <ItemGroup>
    <ClInclude Include="const.h">
      <Filter>Header Files</Filter>
    </ClInclude>
    <ClInclude Include="elsparkesykkel.h">
      <Filter>Header Files</Filter>
    </ClInclude>
    <ClInclude Include="enum.h">
      <Filter>Header Files</Filter>
    </ClInclude>
    <ClInclude Include="funksjoner.h">
      <Filter>Header Files</Filter>
    </ClInclude>
    <ClInclude Include="gjenstand.h">
      <Filter>Header Files</Filter>
    </ClInclude>
    <ClInclude Include="kunde.h">
      <Filter>Header Files</Filter>
    </ClInclude>
    <ClInclude Include="kunder.h">
      <Filter>Header Files</Filter>
    </ClInclude>
    <ClInclude Include="LesData3.h">
      <Filter>Header Files</Filter>
    </ClInclude>
    <ClInclude Include="sted.h">
      <Filter>Header Files</Filter>
    </ClInclude>
    <ClInclude Include="sykkel.h">
      <Filter>Header Files</Filter>
    </ClInclude>
    <ClInclude Include="tralle.h">
      <Filter>Header Files</Filter>
    </ClInclude>
    <ClInclude Include="utleiesteder.h">
      <Filter>Header Files</Filter>
    </ClInclude>
  </ItemGroup>
  <ItemGroup>
    <ClCompile Include="elsparkesykkel.cpp">
      <Filter>Source Files</Filter>
    </ClCompile>
    <ClCompile Include="funksjoner.cpp">
      <Filter>Source Files</Filter>
    </ClCompile>
    <ClCompile Include="gjenstand.cpp">
      <Filter>Source Files</Filter>
    </ClCompile>
    <ClCompile Include="kunde.cpp">
      <Filter>Source Files</Filter>
    </ClCompile>
    <ClCompile Include="kunder.cpp">
      <Filter>Source Files</Filter>
    </ClCompile>
    <ClCompile Include="LesData3.cpp">
      <Filter>Source Files</Filter>
    </ClCompile>
    <ClCompile Include="Source.cpp">
      <Filter>Source Files</Filter>
    </ClCompile>
    <ClCompile Include="sted.cpp">
      <Filter>Source Files</Filter>
    </ClCompile>
    <ClCompile Include="sykkel.cpp">
      <Filter>Source Files</Filter>
    </ClCompile>
    <ClCompile Include="tralle.cpp">
      <Filter>Source Files</Filter>
    </ClCompile>
    <ClCompile Include="utleiesteder.cpp">
      <Filter>Source Files</Filter>
    </ClCompile>
  </ItemGroup>
</Project>